
Microsoft Visual Studio Solution File, Format Version 12.00
# Visual Studio 2013
VisualStudioVersion = 12.0.31101.0
MinimumVisualStudioVersion = 10.0.40219.1
Project("{FAE04EC0-301F-11D3-BF4B-00C04F79EFBC}") = "Google.TimeZoneApi.Test", "Google.TimeZoneApi.Test\Google.TimeZoneApi.Test.csproj", "{27DB8635-8632-4FD4-8E9B-0FD74A0180CD}"
EndProject
Project("{FAE04EC0-301F-11D3-BF4B-00C04F79EFBC}") = "Google.TimeZoneApi", "Google.TimeZoneApi\Google.TimeZoneApi.csproj", "{DCCC08E9-FD80-4FB0-9F2A-CA9D6055A164}"
EndProject
Global
	GlobalSection(SolutionConfigurationPlatforms) = preSolution
		Debug|Any CPU = Debug|Any CPU
		Release|Any CPU = Release|Any CPU
	EndGlobalSection
	GlobalSection(ProjectConfigurationPlatforms) = postSolution
		{27DB8635-8632-4FD4-8E9B-0FD74A0180CD}.Debug|Any CPU.ActiveCfg = Debug|Any CPU
		{27DB8635-8632-4FD4-8E9B-0FD74A0180CD}.Debug|Any CPU.Build.0 = Debug|Any CPU
		{27DB8635-8632-4FD4-8E9B-0FD74A0180CD}.Release|Any CPU.ActiveCfg = Release|Any CPU
		{27DB8635-8632-4FD4-8E9B-0FD74A0180CD}.Release|Any CPU.Build.0 = Release|Any CPU
		{DCCC08E9-FD80-4FB0-9F2A-CA9D6055A164}.Debug|Any CPU.ActiveCfg = Debug|Any CPU
		{DCCC08E9-FD80-4FB0-9F2A-CA9D6055A164}.Debug|Any CPU.Build.0 = Debug|Any CPU
		{DCCC08E9-FD80-4FB0-9F2A-CA9D6055A164}.Release|Any CPU.ActiveCfg = Release|Any CPU
		{DCCC08E9-FD80-4FB0-9F2A-CA9D6055A164}.Release|Any CPU.Build.0 = Release|Any CPU
	EndGlobalSection
	GlobalSection(SolutionProperties) = preSolution
		HideSolutionNode = FALSE
	EndGlobalSection
EndGlobal
